// !$*UTF8*$!
{
	archiveVersion = 1;
	classes = {};
	objectVersion = 77;
	objects = {
		A00000000000000000000003 = {isa = PBXFileReference; explicitFileType = wrapper.application; includeInIndex = 0; path = CodexStatusLight.app; sourceTree = BUILT_PRODUCTS_DIR; };
		A00000000000000000000004 = {isa = PBXFileReference; explicitFileType = wrapper.cfbundle; includeInIndex = 0; path = CodexStatusLightTests.xctest; sourceTree = BUILT_PRODUCTS_DIR; };
		A00000000000000000000010 = {isa = PBXGroup; children = (A00000000000000000000020, A00000000000000000000021, A00000000000000000000011,); sourceTree = "<group>"; };
		A00000000000000000000011 = {isa = PBXGroup; children = (A00000000000000000000003, A00000000000000000000004,); name = Products; sourceTree = "<group>"; };
		A00000000000000000000020 = {isa = PBXFileSystemSynchronizedRootGroup; path = CodexStatusLight; sourceTree = "<group>"; };
		A00000000000000000000021 = {isa = PBXFileSystemSynchronizedRootGroup; path = CodexStatusLightTests; sourceTree = "<group>"; };
		A00000000000000000000030 = {isa = PBXSourcesBuildPhase; buildActionMask = 2147483647; files = (); runOnlyForDeploymentPostprocessing = 0; };
		A00000000000000000000031 = {isa = PBXFrameworksBuildPhase; buildActionMask = 2147483647; files = (); runOnlyForDeploymentPostprocessing = 0; };
		A00000000000000000000032 = {isa = PBXResourcesBuildPhase; buildActionMask = 2147483647; files = (); runOnlyForDeploymentPostprocessing = 0; };
		A00000000000000000000033 = {isa = PBXSourcesBuildPhase; buildActionMask = 2147483647; files = (); runOnlyForDeploymentPostprocessing = 0; };
		A00000000000000000000034 = {isa = PBXFrameworksBuildPhase; buildActionMask = 2147483647; files = (); runOnlyForDeploymentPostprocessing = 0; };
		A00000000000000000000035 = {isa = PBXResourcesBuildPhase; buildActionMask = 2147483647; files = (); runOnlyForDeploymentPostprocessing = 0; };
		A00000000000000000000040 = {isa = PBXContainerItemProxy; containerPortal = A00000000000000000000060; proxyType = 1; remoteGlobalIDString = A00000000000000000000050; remoteInfo = CodexStatusLight; };
		A00000000000000000000041 = {isa = PBXTargetDependency; target = A00000000000000000000050; targetProxy = A00000000000000000000040; };
		A00000000000000000000050 = {isa = PBXNativeTarget; buildConfigurationList = A00000000000000000000080; buildPhases = (A00000000000000000000030,A00000000000000000000031,A00000000000000000000032,); buildRules = (); dependencies = (); fileSystemSynchronizedGroups = (A00000000000000000000020,); name = CodexStatusLight; packageProductDependencies = (); productName = CodexStatusLight; productReference = A00000000000000000000003; productType = "com.apple.product-type.application"; };
		A00000000000000000000051 = {isa = PBXNativeTarget; buildConfigurationList = A00000000000000000000081; buildPhases = (A00000000000000000000033,A00000000000000000000034,A00000000000000000000035,); buildRules = (); dependencies = (A00000000000000000000041,); fileSystemSynchronizedGroups = (A00000000000000000000021,); name = CodexStatusLightTests; packageProductDependencies = (); productName = CodexStatusLightTests; productReference = A00000000000000000000004; productType = "com.apple.product-type.bundle.unit-test"; };
		A00000000000000000000060 = {isa = PBXProject; attributes = {BuildIndependentTargetsInParallel = 1; LastSwiftUpdateCheck = 2660; LastUpgradeCheck = 2660; TargetAttributes = {A00000000000000000000050 = {CreatedOnToolsVersion = 26.6;}; A00000000000000000000051 = {CreatedOnToolsVersion = 26.6; TestTargetID = A00000000000000000000050;};};}; buildConfigurationList = A00000000000000000000082; compatibilityVersion = "Xcode 16.0"; developmentRegion = en; hasScannedForEncodings = 0; knownRegions = (en, Base,); mainGroup = A00000000000000000000010; productRefGroup = A00000000000000000000011; projectDirPath = ""; projectRoot = ""; targets = (A00000000000000000000050,A00000000000000000000051,); };
		A00000000000000000000080 = {isa = XCConfigurationList; buildConfigurations = (A00000000000000000000090,A00000000000000000000091,); defaultConfigurationIsVisible = 0; defaultConfigurationName = Release; };
		A00000000000000000000081 = {isa = XCConfigurationList; buildConfigurations = (A00000000000000000000092,A00000000000000000000093,); defaultConfigurationIsVisible = 0; defaultConfigurationName = Release; };
		A00000000000000000000082 = {isa = XCConfigurationList; buildConfigurations = (A00000000000000000000094,A00000000000000000000095,); defaultConfigurationIsVisible = 0; defaultConfigurationName = Release; };
		A00000000000000000000090 = {isa = XCBuildConfiguration; buildSettings = {ASSETCATALOG_COMPILER_APPICON_NAME = AppIcon; CODE_SIGN_ENTITLEMENTS = CodexStatusLight/CodexStatusLight.entitlements; CODE_SIGN_STYLE = Automatic; COMBINE_HIDPI_IMAGES = YES; CURRENT_PROJECT_VERSION = 2; DEVELOPMENT_TEAM = 49Y2P4VXPB; ENABLE_APP_SANDBOX = YES; ENABLE_TESTABILITY = YES; GENERATE_INFOPLIST_FILE = YES; INFOPLIST_KEY_ITSAppUsesNonExemptEncryption = NO; INFOPLIST_KEY_LSApplicationCategoryType = "public.app-category.developer-tools"; INFOPLIST_KEY_LSUIElement = YES; MACOSX_DEPLOYMENT_TARGET = 14.0; MARKETING_VERSION = 1.0; ONLY_ACTIVE_ARCH = YES; OTHER_LDFLAGS = "-lsqlite3"; PRODUCT_BUNDLE_IDENTIFIER = com.huoyuan.CodexStatusLight; PRODUCT_NAME = "$(TARGET_NAME)"; SDKROOT = macosx; SWIFT_OPTIMIZATION_LEVEL = "-Onone"; SWIFT_VERSION = 6.0;}; name = Debug; };
		A00000000000000000000091 = {isa = XCBuildConfiguration; buildSettings = {ASSETCATALOG_COMPILER_APPICON_NAME = AppIcon; CODE_SIGN_ENTITLEMENTS = CodexStatusLight/CodexStatusLight.entitlements; CODE_SIGN_STYLE = Automatic; COMBINE_HIDPI_IMAGES = YES; CURRENT_PROJECT_VERSION = 2; DEVELOPMENT_TEAM = 49Y2P4VXPB; ENABLE_APP_SANDBOX = YES; GENERATE_INFOPLIST_FILE = YES; INFOPLIST_KEY_ITSAppUsesNonExemptEncryption = NO; INFOPLIST_KEY_LSApplicationCategoryType = "public.app-category.developer-tools"; INFOPLIST_KEY_LSUIElement = YES; MACOSX_DEPLOYMENT_TARGET = 14.0; MARKETING_VERSION = 1.0; OTHER_LDFLAGS = "-lsqlite3"; PRODUCT_BUNDLE_IDENTIFIER = com.huoyuan.CodexStatusLight; PRODUCT_NAME = "$(TARGET_NAME)"; SDKROOT = macosx; SWIFT_COMPILATION_MODE = wholemodule; SWIFT_VERSION = 6.0;}; name = Release; };
		A00000000000000000000092 = {isa = XCBuildConfiguration; buildSettings = {BUNDLE_LOADER = "$(TEST_HOST)"; GENERATE_INFOPLIST_FILE = YES; MACOSX_DEPLOYMENT_TARGET = 14.0; ONLY_ACTIVE_ARCH = YES; PRODUCT_BUNDLE_IDENTIFIER = com.huoyuan.CodexStatusLightTests; PRODUCT_NAME = "$(TARGET_NAME)"; SDKROOT = macosx; SWIFT_OPTIMIZATION_LEVEL = "-Onone"; SWIFT_VERSION = 6.0; TEST_HOST = "$(BUILT_PRODUCTS_DIR)/CodexStatusLight.app/Contents/MacOS/CodexStatusLight";}; name = Debug; };
		A00000000000000000000093 = {isa = XCBuildConfiguration; buildSettings = {BUNDLE_LOADER = "$(TEST_HOST)"; GENERATE_INFOPLIST_FILE = YES; MACOSX_DEPLOYMENT_TARGET = 14.0; PRODUCT_BUNDLE_IDENTIFIER = com.huoyuan.CodexStatusLightTests; PRODUCT_NAME = "$(TARGET_NAME)"; SDKROOT = macosx; SWIFT_VERSION = 6.0; TEST_HOST = "$(BUILT_PRODUCTS_DIR)/CodexStatusLight.app/Contents/MacOS/CodexStatusLight";}; name = Release; };
		A00000000000000000000094 = {isa = XCBuildConfiguration; buildSettings = {CLANG_ENABLE_MODULES = YES; MACOSX_DEPLOYMENT_TARGET = 14.0; SDKROOT = macosx; SWIFT_VERSION = 6.0;}; name = Debug; };
		A00000000000000000000095 = {isa = XCBuildConfiguration; buildSettings = {CLANG_ENABLE_MODULES = YES; MACOSX_DEPLOYMENT_TARGET = 14.0; SDKROOT = macosx; SWIFT_VERSION = 6.0;}; name = Release; };
	};
	rootObject = A00000000000000000000060;
}
